
Microsoft Visual Studio Solution File, Format Version 12.00
# Visual Studio 15
VisualStudioVersion = 15.0.27004.2010
MinimumVisualStudioVersion = 10.0.40219.1
Project("{FAE04EC0-301F-11D3-BF4B-00C04F79EFBC}") = "FoodeniApp", "FoodeniApp\FoodeniApp.csproj", "{EF784A95-07CD-48A3-94E0-CCE3246981D8}"
EndProject
Global
	GlobalSection(SolutionConfigurationPlatforms) = preSolution
		Debug|Any CPU = Debug|Any CPU
		Release|Any CPU = Release|Any CPU
	EndGlobalSection
	GlobalSection(ProjectConfigurationPlatforms) = postSolution
		{EF784A95-07CD-48A3-94E0-CCE3246981D8}.Debug|Any CPU.ActiveCfg = Debug|Any CPU
		{EF784A95-07CD-48A3-94E0-CCE3246981D8}.Debug|Any CPU.Build.0 = Debug|Any CPU
		{EF784A95-07CD-48A3-94E0-CCE3246981D8}.Release|Any CPU.ActiveCfg = Release|Any CPU
		{EF784A95-07CD-48A3-94E0-CCE3246981D8}.Release|Any CPU.Build.0 = Release|Any CPU
	EndGlobalSection
	GlobalSection(SolutionProperties) = preSolution
		HideSolutionNode = FALSE
	EndGlobalSection
	GlobalSection(ExtensibilityGlobals) = postSolution
		SolutionGuid = {C2C7E53F-C3D6-456F-B5FE-4B959E474EB2}
	EndGlobalSection
EndGlobal
